{
  "name": "sb-lookup",
  "version": "1.0.0",
  "lockfileVersion": 2,
  "requires": true,
  "packages": {
    "": {
      "version": "1.0.0",
      "license": "MIT",
      "dependencies": {
        "uglifyjs": "^2.4.11"
      }
    },
    "node_modules/uglifyjs": {
      "version": "2.4.11",
      "resolved": "https://registry.npmjs.org/uglifyjs/-/uglifyjs-2.4.11.tgz",
      "integrity": "sha1-NEDWTgRXWViVJEGOtkHGi7kNET4=",
      "deprecated": "uglifyjs is deprecated - use uglify-js instead."
    }
  },
  "dependencies": {
    "uglifyjs": {
      "version": "2.4.11",
      "resolved": "https://registry.npmjs.org/uglifyjs/-/uglifyjs-2.4.11.tgz",
      "integrity": "sha1-NEDWTgRXWViVJEGOtkHGi7kNET4="
    }
  }
}
